{
  "name": "react-native-secured-storage",
  "version": "1.0.0",
  "lockfileVersion": 1,
  "requires": true,
  "dependencies": {
    "react-native-keychain": {
      "version": "4.0.5",
      "resolved": "https://registry.npmjs.org/react-native-keychain/-/react-native-keychain-4.0.5.tgz",
      "integrity": "sha512-TbiO8AO055EPjaxIuKxrCEOB4r81uQCVDFbtcs+e4pEOHxf6z3JgDC0UU0poJElKfCh37b+TFRxQhg6DbsYJBA=="
    }
  }
}
